
Microsoft Visual Studio Solution File, Format Version 12.00
# Visual Studio Version 16
VisualStudioVersion = 16.0.30517.126
MinimumVisualStudioVersion = 10.0.40219.1
Project("{2150E333-8FDC-42A3-9474-1A3956D46DE8}") = "src", "src", "{5DAD9BC5-393B-4B93-95FD-0C3DDA37F58D}"
EndProject
Project("{9A19103F-16F7-4668-BE54-9A1E7A4F7556}") = "core", "core\core.csproj", "{28894D5A-4A18-4CA6-85DD-5E06C153E534}"
EndProject
Project("{9A19103F-16F7-4668-BE54-9A1E7A4F7556}") = "api", "api\api.csproj", "{28E7D8A4-2E84-4F8A-B4CD-9412BB5771B0}"
EndProject
Project("{9092AA53-FB77-4645-B42D-1CCCA6BD08BD}") = "front", "front\front.njsproj", "{0B16E833-7834-4BB3-A2FC-B935752EF3BC}"
EndProject
Project("{9A19103F-16F7-4668-BE54-9A1E7A4F7556}") = "infrastructure", "infrastructure\infrastructure.csproj", "{3B86C029-F5BE-4E55-A9C5-2F89BE7F8134}"
EndProject
Project("{9A19103F-16F7-4668-BE54-9A1E7A4F7556}") = "mail", "mail\mail.csproj", "{EAECD257-6C64-402C-A578-C0AE51B82285}"
EndProject
Project("{9A19103F-16F7-4668-BE54-9A1E7A4F7556}") = "fcm", "fcm\fcm.csproj", "{1D363A63-DB5C-4D99-879D-C3A2B21E0EF9}"
EndProject
Project("{FAE04EC0-301F-11D3-BF4B-00C04F79EFBC}") = "Auth", "Auth\Auth.csproj", "{AF24413F-F1F9-4BB3-B352-DDB92B29BCDE}"
EndProject
Global
	GlobalSection(SolutionConfigurationPlatforms) = preSolution
		Debug|Any CPU = Debug|Any CPU
		Release|Any CPU = Release|Any CPU
	EndGlobalSection
	GlobalSection(ProjectConfigurationPlatforms) = postSolution
		{28894D5A-4A18-4CA6-85DD-5E06C153E534}.Debug|Any CPU.ActiveCfg = Debug|Any CPU
		{28894D5A-4A18-4CA6-85DD-5E06C153E534}.Debug|Any CPU.Build.0 = Debug|Any CPU
		{28894D5A-4A18-4CA6-85DD-5E06C153E534}.Release|Any CPU.ActiveCfg = Release|Any CPU
		{28894D5A-4A18-4CA6-85DD-5E06C153E534}.Release|Any CPU.Build.0 = Release|Any CPU
		{28E7D8A4-2E84-4F8A-B4CD-9412BB5771B0}.Debug|Any CPU.ActiveCfg = Debug|Any CPU
		{28E7D8A4-2E84-4F8A-B4CD-9412BB5771B0}.Debug|Any CPU.Build.0 = Debug|Any CPU
		{28E7D8A4-2E84-4F8A-B4CD-9412BB5771B0}.Release|Any CPU.ActiveCfg = Release|Any CPU
		{28E7D8A4-2E84-4F8A-B4CD-9412BB5771B0}.Release|Any CPU.Build.0 = Release|Any CPU
		{0B16E833-7834-4BB3-A2FC-B935752EF3BC}.Debug|Any CPU.ActiveCfg = Debug|Any CPU
		{0B16E833-7834-4BB3-A2FC-B935752EF3BC}.Debug|Any CPU.Build.0 = Debug|Any CPU
		{0B16E833-7834-4BB3-A2FC-B935752EF3BC}.Release|Any CPU.ActiveCfg = Release|Any CPU
		{0B16E833-7834-4BB3-A2FC-B935752EF3BC}.Release|Any CPU.Build.0 = Release|Any CPU
		{3B86C029-F5BE-4E55-A9C5-2F89BE7F8134}.Debug|Any CPU.ActiveCfg = Debug|Any CPU
		{3B86C029-F5BE-4E55-A9C5-2F89BE7F8134}.Debug|Any CPU.Build.0 = Debug|Any CPU
		{3B86C029-F5BE-4E55-A9C5-2F89BE7F8134}.Release|Any CPU.ActiveCfg = Release|Any CPU
		{3B86C029-F5BE-4E55-A9C5-2F89BE7F8134}.Release|Any CPU.Build.0 = Release|Any CPU
		{EAECD257-6C64-402C-A578-C0AE51B82285}.Debug|Any CPU.ActiveCfg = Debug|Any CPU
		{EAECD257-6C64-402C-A578-C0AE51B82285}.Debug|Any CPU.Build.0 = Debug|Any CPU
		{EAECD257-6C64-402C-A578-C0AE51B82285}.Release|Any CPU.ActiveCfg = Release|Any CPU
		{EAECD257-6C64-402C-A578-C0AE51B82285}.Release|Any CPU.Build.0 = Release|Any CPU
		{1D363A63-DB5C-4D99-879D-C3A2B21E0EF9}.Debug|Any CPU.ActiveCfg = Debug|Any CPU
		{1D363A63-DB5C-4D99-879D-C3A2B21E0EF9}.Debug|Any CPU.Build.0 = Debug|Any CPU
		{1D363A63-DB5C-4D99-879D-C3A2B21E0EF9}.Release|Any CPU.ActiveCfg = Release|Any CPU
		{1D363A63-DB5C-4D99-879D-C3A2B21E0EF9}.Release|Any CPU.Build.0 = Release|Any CPU
		{AF24413F-F1F9-4BB3-B352-DDB92B29BCDE}.Debug|Any CPU.ActiveCfg = Debug|Any CPU
		{AF24413F-F1F9-4BB3-B352-DDB92B29BCDE}.Debug|Any CPU.Build.0 = Debug|Any CPU
		{AF24413F-F1F9-4BB3-B352-DDB92B29BCDE}.Release|Any CPU.ActiveCfg = Release|Any CPU
		{AF24413F-F1F9-4BB3-B352-DDB92B29BCDE}.Release|Any CPU.Build.0 = Release|Any CPU
	EndGlobalSection
	GlobalSection(SolutionProperties) = preSolution
		HideSolutionNode = FALSE
	EndGlobalSection
	GlobalSection(NestedProjects) = preSolution
		{28894D5A-4A18-4CA6-85DD-5E06C153E534} = {5DAD9BC5-393B-4B93-95FD-0C3DDA37F58D}
		{28E7D8A4-2E84-4F8A-B4CD-9412BB5771B0} = {5DAD9BC5-393B-4B93-95FD-0C3DDA37F58D}
		{0B16E833-7834-4BB3-A2FC-B935752EF3BC} = {5DAD9BC5-393B-4B93-95FD-0C3DDA37F58D}
		{3B86C029-F5BE-4E55-A9C5-2F89BE7F8134} = {5DAD9BC5-393B-4B93-95FD-0C3DDA37F58D}
		{EAECD257-6C64-402C-A578-C0AE51B82285} = {5DAD9BC5-393B-4B93-95FD-0C3DDA37F58D}
		{1D363A63-DB5C-4D99-879D-C3A2B21E0EF9} = {5DAD9BC5-393B-4B93-95FD-0C3DDA37F58D}
		{AF24413F-F1F9-4BB3-B352-DDB92B29BCDE} = {5DAD9BC5-393B-4B93-95FD-0C3DDA37F58D}
	EndGlobalSection
	GlobalSection(ExtensibilityGlobals) = postSolution
		SolutionGuid = {C9DFEC24-CD3B-4CCD-9A54-A08860D68B71}
	EndGlobalSection
EndGlobal
